
Microsoft Visual Studio Solution File, Format Version 12.00
# Visual Studio 14
VisualStudioVersion = 14.0.25123.0
MinimumVisualStudioVersion = 10.0.40219.1
Project("{FAE04EC0-301F-11D3-BF4B-00C04F79EFBC}") = "OwinMidware", "OwinMidware\OwinMidware.csproj", "{468F9AC4-9792-454F-B8CB-D3BCF8C59048}"
EndProject
Project("{FAE04EC0-301F-11D3-BF4B-00C04F79EFBC}") = "mySelfHost", "mySelfHost\mySelfHost.csproj", "{404BBD6B-F604-4274-B6D1-20077865118B}"
EndProject
Global
	GlobalSection(SolutionConfigurationPlatforms) = preSolution
		Debug|Any CPU = Debug|Any CPU
		Release|Any CPU = Release|Any CPU
	EndGlobalSection
	GlobalSection(ProjectConfigurationPlatforms) = postSolution
		{468F9AC4-9792-454F-B8CB-D3BCF8C59048}.Debug|Any CPU.ActiveCfg = Debug|Any CPU
		{468F9AC4-9792-454F-B8CB-D3BCF8C59048}.Debug|Any CPU.Build.0 = Debug|Any CPU
		{468F9AC4-9792-454F-B8CB-D3BCF8C59048}.Release|Any CPU.ActiveCfg = Release|Any CPU
		{468F9AC4-9792-454F-B8CB-D3BCF8C59048}.Release|Any CPU.Build.0 = Release|Any CPU
		{404BBD6B-F604-4274-B6D1-20077865118B}.Debug|Any CPU.ActiveCfg = Debug|Any CPU
		{404BBD6B-F604-4274-B6D1-20077865118B}.Debug|Any CPU.Build.0 = Debug|Any CPU
		{404BBD6B-F604-4274-B6D1-20077865118B}.Release|Any CPU.ActiveCfg = Release|Any CPU
		{404BBD6B-F604-4274-B6D1-20077865118B}.Release|Any CPU.Build.0 = Release|Any CPU
	EndGlobalSection
	GlobalSection(SolutionProperties) = preSolution
		HideSolutionNode = FALSE
	EndGlobalSection
EndGlobal
